
Microsoft Visual Studio Solution File, Format Version 12.00
# Visual Studio Version 16
VisualStudioVersion = 16.0.30804.86
MinimumVisualStudioVersion = 10.0.40219.1
Project("{9A19103F-16F7-4668-BE54-9A1E7A4F7556}") = "NetCoreWebAPI", "NetCoreWebAPI\NetCoreWebAPI.csproj", "{F91EA7A4-74EF-4321-885E-7BC7676B8EBA}"
EndProject
Global
	GlobalSection(SolutionConfigurationPlatforms) = preSolution
		Debug|Any CPU = Debug|Any CPU
		Release|Any CPU = Release|Any CPU
	EndGlobalSection
	GlobalSection(ProjectConfigurationPlatforms) = postSolution
		{F91EA7A4-74EF-4321-885E-7BC7676B8EBA}.Debug|Any CPU.ActiveCfg = Debug|Any CPU
		{F91EA7A4-74EF-4321-885E-7BC7676B8EBA}.Debug|Any CPU.Build.0 = Debug|Any CPU
		{F91EA7A4-74EF-4321-885E-7BC7676B8EBA}.Release|Any CPU.ActiveCfg = Release|Any CPU
		{F91EA7A4-74EF-4321-885E-7BC7676B8EBA}.Release|Any CPU.Build.0 = Release|Any CPU
	EndGlobalSection
	GlobalSection(SolutionProperties) = preSolution
		HideSolutionNode = FALSE
	EndGlobalSection
	GlobalSection(ExtensibilityGlobals) = postSolution
		SolutionGuid = {9CC2B22E-2CD4-4826-A14C-799075B57457}
	EndGlobalSection
EndGlobal
